{
 "name": "dataform-demo",
 "lockfileVersion": 2,
 "requires": true,
 "packages": {
  "": {
   "name": "dataform-demo",
   "dependencies": {
    "@dataform/core": "3.0.2",
    "dataform-scd": "https://github.com/dataform-co/dataform-scd/archive/refs/tags/0.5.tar.gz"
   }
  },
  "node_modules/@dataform/core": {
   "version": "3.0.2",
   "resolved": "https://registry.npmjs.org/@dataform/core/-/core-3.0.2.tgz",
   "integrity": "sha512-W1DQuv1vSsQgUPlNXuBTqa927FfNp5pNswOTz0wlX3cJTk5OT0UEENVmVJu/WIEdoVcCRTn8pn2dNNc1IjtMcA=="
  },
  "node_modules/dataform-scd": {
   "resolved": "https://github.com/dataform-co/dataform-scd/archive/refs/tags/0.5.tar.gz",
   "integrity": "sha512-eCUwhLjhgN7Auy0Y0BZMitC+jLF+OfMgXIWYYeP2gs9UpOGRQxdnTPBz9Rmasbf7ms4esWvNxcEe3wRetvD/5w==",
   "dependencies": {
    "@dataform/core": "2.8.2"
   }
  },
  "node_modules/dataform-scd/node_modules/@dataform/core": {
   "version": "2.8.2",
   "resolved": "https://registry.npmjs.org/@dataform/core/-/core-2.8.2.tgz",
   "integrity": "sha512-VdlBEk4g8YUGgXAxEYvUzQ+bbYyf3/XLcFgwH9TntpE2K5cXdAz2DIPNRbmH0yjmaePHC9w9WDXzpLz+fJucCw=="
  }
 },
 "dependencies": {
  "@dataform/core": {
   "version": "3.0.2",
   "resolved": "https://registry.npmjs.org/@dataform/core/-/core-3.0.2.tgz",
   "integrity": "sha512-W1DQuv1vSsQgUPlNXuBTqa927FfNp5pNswOTz0wlX3cJTk5OT0UEENVmVJu/WIEdoVcCRTn8pn2dNNc1IjtMcA=="
  },
  "dataform-scd": {
   "version": "https://github.com/dataform-co/dataform-scd/archive/refs/tags/0.5.tar.gz",
   "integrity": "sha512-eCUwhLjhgN7Auy0Y0BZMitC+jLF+OfMgXIWYYeP2gs9UpOGRQxdnTPBz9Rmasbf7ms4esWvNxcEe3wRetvD/5w==",
   "requires": {
    "@dataform/core": "2.8.2"
   },
   "dependencies": {
    "@dataform/core": {
     "version": "2.8.2",
     "resolved": "https://registry.npmjs.org/@dataform/core/-/core-2.8.2.tgz",
     "integrity": "sha512-VdlBEk4g8YUGgXAxEYvUzQ+bbYyf3/XLcFgwH9TntpE2K5cXdAz2DIPNRbmH0yjmaePHC9w9WDXzpLz+fJucCw=="
    }
   }
  }
 }
}
